
Microsoft Visual Studio Solution File, Format Version 12.00
# Visual Studio Version 17
VisualStudioVersion = 17.11.35327.3
MinimumVisualStudioVersion = 10.0.40219.1
Project("{8BC9CEB8-8B4A-11D0-8D11-00A0C91BC942}") = "Sort-N-Seek", "Sort-N-Seek\Sort-N-Seek.vcxproj", "{DF03DE80-A568-4198-B622-CC1DFD5AE522}"
EndProject
Project("{8BC9CEB8-8B4A-11D0-8D11-00A0C91BC942}") = "TestProject", "TestProject\TestProject.vcxproj", "{CDB97B55-3B68-4464-9707-FAB44813694C}"
EndProject
Global
	GlobalSection(SolutionConfigurationPlatforms) = preSolution
		Debug|x64 = Debug|x64
		Debug|x86 = Debug|x86
		Release|x64 = Release|x64
		Release|x86 = Release|x86
	EndGlobalSection
	GlobalSection(ProjectConfigurationPlatforms) = postSolution
		{DF03DE80-A568-4198-B622-CC1DFD5AE522}.Debug|x64.ActiveCfg = Debug|Win32
		{DF03DE80-A568-4198-B622-CC1DFD5AE522}.Debug|x64.Build.0 = Debug|Win32
		{DF03DE80-A568-4198-B622-CC1DFD5AE522}.Debug|x86.ActiveCfg = Debug|Win32
		{DF03DE80-A568-4198-B622-CC1DFD5AE522}.Debug|x86.Build.0 = Debug|Win32
		{DF03DE80-A568-4198-B622-CC1DFD5AE522}.Release|x64.ActiveCfg = Release|Win32
		{DF03DE80-A568-4198-B622-CC1DFD5AE522}.Release|x64.Build.0 = Release|Win32
		{DF03DE80-A568-4198-B622-CC1DFD5AE522}.Release|x86.ActiveCfg = Release|Win32
		{DF03DE80-A568-4198-B622-CC1DFD5AE522}.Release|x86.Build.0 = Release|Win32
		{CDB97B55-3B68-4464-9707-FAB44813694C}.Debug|x64.ActiveCfg = Debug|x64
		{CDB97B55-3B68-4464-9707-FAB44813694C}.Debug|x64.Build.0 = Debug|x64
		{CDB97B55-3B68-4464-9707-FAB44813694C}.Debug|x86.ActiveCfg = Debug|Win32
		{CDB97B55-3B68-4464-9707-FAB44813694C}.Debug|x86.Build.0 = Debug|Win32
		{CDB97B55-3B68-4464-9707-FAB44813694C}.Release|x64.ActiveCfg = Release|x64
		{CDB97B55-3B68-4464-9707-FAB44813694C}.Release|x64.Build.0 = Release|x64
		{CDB97B55-3B68-4464-9707-FAB44813694C}.Release|x86.ActiveCfg = Release|Win32
		{CDB97B55-3B68-4464-9707-FAB44813694C}.Release|x86.Build.0 = Release|Win32
	EndGlobalSection
	GlobalSection(SolutionProperties) = preSolution
		HideSolutionNode = FALSE
	EndGlobalSection
	GlobalSection(ExtensibilityGlobals) = postSolution
		SolutionGuid = {585C656D-C54C-4B4F-8EC9-BD5D8FB1AE0A}
	EndGlobalSection
EndGlobal
